{
  "version": "5",
  "specifiers": {
    "npm:dayjs@^1.11.18": "1.11.18",
    "npm:drizzle-orm@~0.44.5": "0.44.6_postgres@3.4.7",
    "npm:passport-github2@~0.1.12": "0.1.12",
    "npm:passport@0.7": "0.7.0",
    "npm:postgres@^3.4.7": "3.4.7",
    "npm:zod@^3.24.0": "3.25.76"
  },
  "npm": {
    "base64url@3.0.1": {
      "integrity": "sha512-ir1UPr3dkwexU7FdV8qBBbNDRUhMmIekYMFZfi+C/sLNnRESKPl23nB9b2pltqfOQNnGzsDdId90AEtG5tCx4A=="
    },
    "dayjs@1.11.18": {
      "integrity": "sha512-zFBQ7WFRvVRhKcWoUh+ZA1g2HVgUbsZm9sbddh8EC5iv93sui8DVVz1Npvz+r6meo9VKfa8NyLWBsQK1VvIKPA=="
    },
    "drizzle-orm@0.44.6_postgres@3.4.7": {
      "integrity": "sha512-uy6uarrrEOc9K1u5/uhBFJbdF5VJ5xQ/Yzbecw3eAYOunv5FDeYkR2m8iitocdHBOHbvorviKOW5GVw0U1j4LQ==",
      "dependencies": [
        "postgres"
      ],
      "optionalPeers": [
        "postgres"
      ]
    },
    "oauth@0.10.2": {
      "integrity": "sha512-JtFnB+8nxDEXgNyniwz573xxbKSOu3R8D40xQKqcjwJ2CDkYqUDI53o6IuzDJBx60Z8VKCm271+t8iFjakrl8Q=="
    },
    "passport-github2@0.1.12": {
      "integrity": "sha512-3nPUCc7ttF/3HSP/k9sAXjz3SkGv5Nki84I05kSQPo01Jqq1NzJACgMblCK0fGcv9pKCG/KXU3AJRDGLqHLoIw==",
      "dependencies": [
        "passport-oauth2"
      ]
    },
    "passport-oauth2@1.8.0": {
      "integrity": "sha512-cjsQbOrXIDE4P8nNb3FQRCCmJJ/utnFKEz2NX209f7KOHPoX18gF7gBzBbLLsj2/je4KrgiwLLGjf0lm9rtTBA==",
      "dependencies": [
        "base64url",
        "oauth",
        "passport-strategy",
        "uid2",
        "utils-merge"
      ]
    },
    "passport-strategy@1.0.0": {
      "integrity": "sha512-CB97UUvDKJde2V0KDWWB3lyf6PC3FaZP7YxZ2G8OAtn9p4HI9j9JLP9qjOGZFvyl8uwNT8qM+hGnz/n16NI7oA=="
    },
    "passport@0.7.0": {
      "integrity": "sha512-cPLl+qZpSc+ireUvt+IzqbED1cHHkDoVYMo30jbJIdOOjQ1MQYZBPiNvmi8UM6lJuOpTPXJGZQk0DtC4y61MYQ==",
      "dependencies": [
        "passport-strategy",
        "pause",
        "utils-merge"
      ]
    },
    "pause@0.0.1": {
      "integrity": "sha512-KG8UEiEVkR3wGEb4m5yZkVCzigAD+cVEJck2CzYZO37ZGJfctvVptVO192MwrtPhzONn6go8ylnOdMhKqi4nfg=="
    },
    "postgres@3.4.7": {
      "integrity": "sha512-Jtc2612XINuBjIl/QTWsV5UvE8UHuNblcO3vVADSrKsrc6RqGX6lOW1cEo3CM2v0XG4Nat8nI+YM7/f26VxXLw=="
    },
    "uid2@0.0.4": {
      "integrity": "sha512-IevTus0SbGwQzYh3+fRsAMTVVPOoIVufzacXcHPmdlle1jUpq7BRL+mw3dgeLanvGZdwwbWhRV6XrcFNdBmjWA=="
    },
    "utils-merge@1.0.1": {
      "integrity": "sha512-pMZTvIkT1d+TFGvDOqodOclx0QWkkgi6Tdoa8gC8ffGAAqz9pzPTZWAybbsHHoED/ztMtkv/VoYTYyShUn81hA=="
    },
    "zod@3.25.76": {
      "integrity": "sha512-gzUt/qt81nXsFGKIFcC3YnfEAx5NkunCfnDlvuBSSFS02bcXu4Lmea0AFIUwbLWxWPx3d9p8S5QoaujKcNQxcQ=="
    }
  },
  "workspace": {
    "dependencies": [
      "jsr:@hono/hono@^4.9.10",
      "jsr:@hono/zod-openapi@0.17",
      "jsr:@iuioiua/redis@0.3",
      "jsr:@std/uuid@1",
      "npm:@types/node@*",
      "npm:dayjs@^1.11.18",
      "npm:drizzle-orm@~0.44.5",
      "npm:passport-github2@~0.1.12",
      "npm:passport@0.7",
      "npm:postgres@^3.4.7",
      "npm:zod@^3.24.0"
    ]
  }
}
